{
  "name": "proyecto",
  "lockfileVersion": 3,
  "requires": true,
  "packages": {
    "": {
      "dependencies": {
        "@capacitor-mlkit/barcode-scanning": "^5.3.0"
      }
    },
    "node_modules/@capacitor-mlkit/barcode-scanning": {
      "version": "5.3.0",
      "resolved": "https://registry.npmjs.org/@capacitor-mlkit/barcode-scanning/-/barcode-scanning-5.3.0.tgz",
      "integrity": "sha512-ML1nEzcvegeOTu3AxufWYwLmvxkkeKbToyTuMHmpFlIYn69qVdAzwGrN39Kh3+jUwZ4cLy7KTCf27/p6ShT8ag==",
      "funding": [
        {
          "type": "github",
          "url": "https://github.com/sponsors/capawesome-team/"
        },
        {
          "type": "opencollective",
          "url": "https://opencollective.com/capawesome"
        }
      ],
      "peerDependencies": {
        "@capacitor/core": "^5.0.0"
      }
    },
    "node_modules/@capacitor/core": {
      "version": "5.5.1",
      "resolved": "https://registry.npmjs.org/@capacitor/core/-/core-5.5.1.tgz",
      "integrity": "sha512-VG6Iv8Q7ZAbvjodxpvjcSe0jfxUwZXnvjbi93ehuJ6eYP8U926qLSXyrT/DToZq+F6v/HyGyVgn3mrE/9jW2Tg==",
      "peer": true,
      "dependencies": {
        "tslib": "^2.1.0"
      }
    },
    "node_modules/tslib": {
      "version": "2.6.2",
      "resolved": "https://registry.npmjs.org/tslib/-/tslib-2.6.2.tgz",
      "integrity": "sha512-AEYxH93jGFPn/a2iVAwW87VuUIkR1FVUKB77NwMF7nBTDkDrrT/Hpt/IrCJ0QXhW27jTBDcf5ZY7w6RiqTMw2Q==",
      "peer": true
    }
  }
}
